
Microsoft Visual Studio Solution File, Format Version 12.00
# Visual Studio 15
VisualStudioVersion = 15.0.26730.16
MinimumVisualStudioVersion = 10.0.40219.1
Project("{FAE04EC0-301F-11D3-BF4B-00C04F79EFBC}") = "BrowserHistoryViewer", "BrowserHistoryViewer\BrowserHistoryViewer.csproj", "{A2887177-BDB5-4DDD-A8C0-529A3B730470}"
EndProject
Project("{FAE04EC0-301F-11D3-BF4B-00C04F79EFBC}") = "tester", "tester\tester.csproj", "{71DFBDC8-F9F7-4CF9-BCBB-D2C187D8CBF3}"
EndProject
Project("{FAE04EC0-301F-11D3-BF4B-00C04F79EFBC}") = "Ariely_AlphaVSS_Sample01", "Ariely_AlphaVSS_Sample01\Ariely_AlphaVSS_Sample01.csproj", "{62F59C88-04C3-4B12-85C2-BA9389417028}"
EndProject
Global
	GlobalSection(SolutionConfigurationPlatforms) = preSolution
		Debug|Any CPU = Debug|Any CPU
		Debug|x64 = Debug|x64
		Debug|x86 = Debug|x86
		Release|Any CPU = Release|Any CPU
		Release|x64 = Release|x64
		Release|x86 = Release|x86
	EndGlobalSection
	GlobalSection(ProjectConfigurationPlatforms) = postSolution
		{A2887177-BDB5-4DDD-A8C0-529A3B730470}.Debug|Any CPU.ActiveCfg = Debug|Any CPU
		{A2887177-BDB5-4DDD-A8C0-529A3B730470}.Debug|Any CPU.Build.0 = Debug|Any CPU
		{A2887177-BDB5-4DDD-A8C0-529A3B730470}.Debug|x64.ActiveCfg = Debug|x64
		{A2887177-BDB5-4DDD-A8C0-529A3B730470}.Debug|x64.Build.0 = Debug|x64
		{A2887177-BDB5-4DDD-A8C0-529A3B730470}.Debug|x86.ActiveCfg = Debug|x86
		{A2887177-BDB5-4DDD-A8C0-529A3B730470}.Debug|x86.Build.0 = Debug|x86
		{A2887177-BDB5-4DDD-A8C0-529A3B730470}.Release|Any CPU.ActiveCfg = Release|Any CPU
		{A2887177-BDB5-4DDD-A8C0-529A3B730470}.Release|Any CPU.Build.0 = Release|Any CPU
		{A2887177-BDB5-4DDD-A8C0-529A3B730470}.Release|x64.ActiveCfg = Release|x64
		{A2887177-BDB5-4DDD-A8C0-529A3B730470}.Release|x64.Build.0 = Release|x64
		{A2887177-BDB5-4DDD-A8C0-529A3B730470}.Release|x86.ActiveCfg = Release|Any CPU
		{A2887177-BDB5-4DDD-A8C0-529A3B730470}.Release|x86.Build.0 = Release|Any CPU
		{71DFBDC8-F9F7-4CF9-BCBB-D2C187D8CBF3}.Debug|Any CPU.ActiveCfg = Debug|Any CPU
		{71DFBDC8-F9F7-4CF9-BCBB-D2C187D8CBF3}.Debug|Any CPU.Build.0 = Debug|Any CPU
		{71DFBDC8-F9F7-4CF9-BCBB-D2C187D8CBF3}.Debug|x64.ActiveCfg = Debug|x64
		{71DFBDC8-F9F7-4CF9-BCBB-D2C187D8CBF3}.Debug|x64.Build.0 = Debug|x64
		{71DFBDC8-F9F7-4CF9-BCBB-D2C187D8CBF3}.Debug|x86.ActiveCfg = Debug|x86
		{71DFBDC8-F9F7-4CF9-BCBB-D2C187D8CBF3}.Debug|x86.Build.0 = Debug|x86
		{71DFBDC8-F9F7-4CF9-BCBB-D2C187D8CBF3}.Release|Any CPU.ActiveCfg = Release|Any CPU
		{71DFBDC8-F9F7-4CF9-BCBB-D2C187D8CBF3}.Release|Any CPU.Build.0 = Release|Any CPU
		{71DFBDC8-F9F7-4CF9-BCBB-D2C187D8CBF3}.Release|x64.ActiveCfg = Release|x64
		{71DFBDC8-F9F7-4CF9-BCBB-D2C187D8CBF3}.Release|x64.Build.0 = Release|x64
		{71DFBDC8-F9F7-4CF9-BCBB-D2C187D8CBF3}.Release|x86.ActiveCfg = Release|Any CPU
		{71DFBDC8-F9F7-4CF9-BCBB-D2C187D8CBF3}.Release|x86.Build.0 = Release|Any CPU
		{62F59C88-04C3-4B12-85C2-BA9389417028}.Debug|Any CPU.ActiveCfg = Debug|Any CPU
		{62F59C88-04C3-4B12-85C2-BA9389417028}.Debug|Any CPU.Build.0 = Debug|Any CPU
		{62F59C88-04C3-4B12-85C2-BA9389417028}.Debug|x64.ActiveCfg = Debug|x64
		{62F59C88-04C3-4B12-85C2-BA9389417028}.Debug|x64.Build.0 = Debug|x64
		{62F59C88-04C3-4B12-85C2-BA9389417028}.Debug|x86.ActiveCfg = Debug|x86
		{62F59C88-04C3-4B12-85C2-BA9389417028}.Debug|x86.Build.0 = Debug|x86
		{62F59C88-04C3-4B12-85C2-BA9389417028}.Release|Any CPU.ActiveCfg = Release|Any CPU
		{62F59C88-04C3-4B12-85C2-BA9389417028}.Release|Any CPU.Build.0 = Release|Any CPU
		{62F59C88-04C3-4B12-85C2-BA9389417028}.Release|x64.ActiveCfg = Release|x64
		{62F59C88-04C3-4B12-85C2-BA9389417028}.Release|x64.Build.0 = Release|x64
		{62F59C88-04C3-4B12-85C2-BA9389417028}.Release|x86.ActiveCfg = Release|x86
		{62F59C88-04C3-4B12-85C2-BA9389417028}.Release|x86.Build.0 = Release|x86
	EndGlobalSection
	GlobalSection(SolutionProperties) = preSolution
		HideSolutionNode = FALSE
	EndGlobalSection
	GlobalSection(ExtensibilityGlobals) = postSolution
		SolutionGuid = {922A0C3D-6627-4BB6-82FB-CDF014069C80}
	EndGlobalSection
EndGlobal
